// !$*UTF8*$!
{
	archiveVersion = 1;
	classes = {
	};
	objectVersion = 56;
	objects = {

/* Begin PBXBuildFile section */
		D2240F162906B7A500796B6D /* Alert.swift in Sources */ = {isa = PBXBuildFile; fileRef = D2240F152906B7A500796B6D /* Alert.swift */; };
		D2240F1B2906BF7400796B6D /* HomeViewController.swift in Sources */ = {isa = PBXBuildFile; fileRef = D2240F1A2906BF7400796B6D /* HomeViewController.swift */; };
		D2240F1D2906BF8C00796B6D /* HomeView.swift in Sources */ = {isa = PBXBuildFile; fileRef = D2240F1C2906BF8C00796B6D /* HomeView.swift */; };
		D2240F202906C7FA00796B6D /* UserDetailTableViewCell.swift in Sources */ = {isa = PBXBuildFile; fileRef = D2240F1F2906C7FA00796B6D /* UserDetailTableViewCell.swift */; };
		D2240F232906CC0F00796B6D /* DataUser.swift in Sources */ = {isa = PBXBuildFile; fileRef = D2240F222906CC0F00796B6D /* DataUser.swift */; };
		D2240F262906D6D800796B6D /* UserDetailView.swift in Sources */ = {isa = PBXBuildFile; fileRef = D2240F252906D6D800796B6D /* UserDetailView.swift */; };
		D2240F2A2906EEF400796B6D /* SportTableViewCell.swift in Sources */ = {isa = PBXBuildFile; fileRef = D2240F292906EEF400796B6D /* SportTableViewCell.swift */; };
		D2240F2D2906F04800796B6D /* SportView.swift in Sources */ = {isa = PBXBuildFile; fileRef = D2240F2C2906F04800796B6D /* SportView.swift */; };
		D2240F302907003A00796B6D /* SportCollectionViewCell.swift in Sources */ = {isa = PBXBuildFile; fileRef = D2240F2F2907003A00796B6D /* SportCollectionViewCell.swift */; };
		D2240F34290700A200796B6D /* SportCollectionViewCellView.swift in Sources */ = {isa = PBXBuildFile; fileRef = D2240F33290700A200796B6D /* SportCollectionViewCellView.swift */; };
		D24F7A532902B4D900DFC5D5 /* RegisterView.swift in Sources */ = {isa = PBXBuildFile; fileRef = D24F7A522902B4D900DFC5D5 /* RegisterView.swift */; };
		D24F7A552902B4ED00DFC5D5 /* RegisterViewController.swift in Sources */ = {isa = PBXBuildFile; fileRef = D24F7A542902B4ED00DFC5D5 /* RegisterViewController.swift */; };
		D24F7A582902FC8E00DFC5D5 /* LoginView.swift in Sources */ = {isa = PBXBuildFile; fileRef = D24F7A572902FC8E00DFC5D5 /* LoginView.swift */; };
		D24F7A5A2902FCC600DFC5D5 /* SnapLoginView.swift in Sources */ = {isa = PBXBuildFile; fileRef = D24F7A592902FCC600DFC5D5 /* SnapLoginView.swift */; };
		D24F7A5C290320DA00DFC5D5 /* SnapRegisterView.swift in Sources */ = {isa = PBXBuildFile; fileRef = D24F7A5B290320DA00DFC5D5 /* SnapRegisterView.swift */; };
		D24F7A5E2903303600DFC5D5 /* GoogleService-Info.plist in Resources */ = {isa = PBXBuildFile; fileRef = D24F7A5D2903303600DFC5D5 /* GoogleService-Info.plist */; };
		D2554DED2901ACD600ED01DB /* AppDelegate.swift in Sources */ = {isa = PBXBuildFile; fileRef = D2554DEC2901ACD600ED01DB /* AppDelegate.swift */; };
		D2554DEF2901ACD600ED01DB /* SceneDelegate.swift in Sources */ = {isa = PBXBuildFile; fileRef = D2554DEE2901ACD600ED01DB /* SceneDelegate.swift */; };
		D2554DF12901ACD600ED01DB /* LoginViewController.swift in Sources */ = {isa = PBXBuildFile; fileRef = D2554DF02901ACD600ED01DB /* LoginViewController.swift */; };
		D2554DF62901ACD800ED01DB /* Assets.xcassets in Resources */ = {isa = PBXBuildFile; fileRef = D2554DF52901ACD800ED01DB /* Assets.xcassets */; };
		D2554DF92901ACD800ED01DB /* LaunchScreen.storyboard in Resources */ = {isa = PBXBuildFile; fileRef = D2554DF72901ACD800ED01DB /* LaunchScreen.storyboard */; };
		D9294DD7D2ED518DAD203C2A /* Pods_LoginScreenViewCode.framework in Frameworks */ = {isa = PBXBuildFile; fileRef = BBFE9E633BCC7F764A61013A /* Pods_LoginScreenViewCode.framework */; };
/* End PBXBuildFile section */

/* Begin PBXFileReference section */
		02FCEA6EC110B0C31FA77288 /* Pods-LoginScreenViewCode.debug.xcconfig */ = {isa = PBXFileReference; includeInIndex = 1; lastKnownFileType = text.xcconfig; name = "Pods-LoginScreenViewCode.debug.xcconfig"; path = "Target Support Files/Pods-LoginScreenViewCode/Pods-LoginScreenViewCode.debug.xcconfig"; sourceTree = "<group>"; };
		A9F82A7E65BE83B59648EBE3 /* Pods-LoginScreenViewCode.release.xcconfig */ = {isa = PBXFileReference; includeInIndex = 1; lastKnownFileType = text.xcconfig; name = "Pods-LoginScreenViewCode.release.xcconfig"; path = "Target Support Files/Pods-LoginScreenViewCode/Pods-LoginScreenViewCode.release.xcconfig"; sourceTree = "<group>"; };
		BBFE9E633BCC7F764A61013A /* Pods_LoginScreenViewCode.framework */ = {isa = PBXFileReference; explicitFileType = wrapper.framework; includeInIndex = 0; path = Pods_LoginScreenViewCode.framework; sourceTree = BUILT_PRODUCTS_DIR; };
		D2240F152906B7A500796B6D /* Alert.swift */ = {isa = PBXFileReference; lastKnownFileType = sourcecode.swift; path = Alert.swift; sourceTree = "<group>"; };
		D2240F1A2906BF7400796B6D /* HomeViewController.swift */ = {isa = PBXFileReference; lastKnownFileType = sourcecode.swift; path = HomeViewController.swift; sourceTree = "<group>"; };
		D2240F1C2906BF8C00796B6D /* HomeView.swift */ = {isa = PBXFileReference; lastKnownFileType = sourcecode.swift; path = HomeView.swift; sourceTree = "<group>"; };
		D2240F1F2906C7FA00796B6D /* UserDetailTableViewCell.swift */ = {isa = PBXFileReference; lastKnownFileType = sourcecode.swift; path = UserDetailTableViewCell.swift; sourceTree = "<group>"; };
		D2240F222906CC0F00796B6D /* DataUser.swift */ = {isa = PBXFileReference; lastKnownFileType = sourcecode.swift; path = DataUser.swift; sourceTree = "<group>"; };
		D2240F252906D6D800796B6D /* UserDetailView.swift */ = {isa = PBXFileReference; lastKnownFileType = sourcecode.swift; path = UserDetailView.swift; sourceTree = "<group>"; };
		D2240F292906EEF400796B6D /* SportTableViewCell.swift */ = {isa = PBXFileReference; lastKnownFileType = sourcecode.swift; path = SportTableViewCell.swift; sourceTree = "<group>"; };
		D2240F2C2906F04800796B6D /* SportView.swift */ = {isa = PBXFileReference; lastKnownFileType = sourcecode.swift; path = SportView.swift; sourceTree = "<group>"; };
		D2240F2F2907003A00796B6D /* SportCollectionViewCell.swift */ = {isa = PBXFileReference; lastKnownFileType = sourcecode.swift; path = SportCollectionViewCell.swift; sourceTree = "<group>"; };
		D2240F33290700A200796B6D /* SportCollectionViewCellView.swift */ = {isa = PBXFileReference; lastKnownFileType = sourcecode.swift; path = SportCollectionViewCellView.swift; sourceTree = "<group>"; };
		D24F7A522902B4D900DFC5D5 /* RegisterView.swift */ = {isa = PBXFileReference; lastKnownFileType = sourcecode.swift; path = RegisterView.swift; sourceTree = "<group>"; };
		D24F7A542902B4ED00DFC5D5 /* RegisterViewController.swift */ = {isa = PBXFileReference; lastKnownFileType = sourcecode.swift; path = RegisterViewController.swift; sourceTree = "<group>"; };
		D24F7A572902FC8E00DFC5D5 /* LoginView.swift */ = {isa = PBXFileReference; lastKnownFileType = sourcecode.swift; name = LoginView.swift; path = LoginScreenViewCode/Register/Controller/LoginView.swift; sourceTree = SOURCE_ROOT; };
		D24F7A592902FCC600DFC5D5 /* SnapLoginView.swift */ = {isa = PBXFileReference; lastKnownFileType = sourcecode.swift; name = SnapLoginView.swift; path = LoginScreenViewCode/Register/Controller/SnapLoginView.swift; sourceTree = SOURCE_ROOT; };
		D24F7A5B290320DA00DFC5D5 /* SnapRegisterView.swift */ = {isa = PBXFileReference; lastKnownFileType = sourcecode.swift; path = SnapRegisterView.swift; sourceTree = "<group>"; };
		D24F7A5D2903303600DFC5D5 /* GoogleService-Info.plist */ = {isa = PBXFileReference; fileEncoding = 4; lastKnownFileType = text.plist.xml; path = "GoogleService-Info.plist"; sourceTree = "<group>"; };
		D2554DE92901ACD600ED01DB /* LoginScreenViewCode.app */ = {isa = PBXFileReference; explicitFileType = wrapper.application; includeInIndex = 0; path = LoginScreenViewCode.app; sourceTree = BUILT_PRODUCTS_DIR; };
		D2554DEC2901ACD600ED01DB /* AppDelegate.swift */ = {isa = PBXFileReference; lastKnownFileType = sourcecode.swift; path = AppDelegate.swift; sourceTree = "<group>"; };
		D2554DEE2901ACD600ED01DB /* SceneDelegate.swift */ = {isa = PBXFileReference; lastKnownFileType = sourcecode.swift; path = SceneDelegate.swift; sourceTree = "<group>"; };
		D2554DF02901ACD600ED01DB /* LoginViewController.swift */ = {isa = PBXFileReference; lastKnownFileType = sourcecode.swift; path = LoginViewController.swift; sourceTree = "<group>"; };
		D2554DF52901ACD800ED01DB /* Assets.xcassets */ = {isa = PBXFileReference; lastKnownFileType = folder.assetcatalog; path = Assets.xcassets; sourceTree = "<group>"; };
		D2554DF82901ACD800ED01DB /* Base */ = {isa = PBXFileReference; lastKnownFileType = file.storyboard; name = Base; path = Base.lproj/LaunchScreen.storyboard; sourceTree = "<group>"; };
		D2554DFA2901ACD800ED01DB /* Info.plist */ = {isa = PBXFileReference; lastKnownFileType = text.plist.xml; path = Info.plist; sourceTree = "<group>"; };
/* End PBXFileReference section */

/* Begin PBXFrameworksBuildPhase section */
		D2554DE62901ACD600ED01DB /* Frameworks */ = {
			isa = PBXFrameworksBuildPhase;
			buildActionMask = 2147483647;
			files = (
				D9294DD7D2ED518DAD203C2A /* Pods_LoginScreenViewCode.framework in Frameworks */,
			);
			runOnlyForDeploymentPostprocessing = 0;
		};
/* End PBXFrameworksBuildPhase section */

/* Begin PBXGroup section */
		0A57491E4DC4A99A3FDD9204 /* Frameworks */ = {
			isa = PBXGroup;
			children = (
				BBFE9E633BCC7F764A61013A /* Pods_LoginScreenViewCode.framework */,
			);
			name = Frameworks;
			sourceTree = "<group>";
		};
		AC5403AE4FB21DDB2071BE79 /* Pods */ = {
			isa = PBXGroup;
			children = (
				02FCEA6EC110B0C31FA77288 /* Pods-LoginScreenViewCode.debug.xcconfig */,
				A9F82A7E65BE83B59648EBE3 /* Pods-LoginScreenViewCode.release.xcconfig */,
			);
			path = Pods;
			sourceTree = "<group>";
		};
		D2240F142906B78D00796B6D /* Alert */ = {
			isa = PBXGroup;
			children = (
				D2240F152906B7A500796B6D /* Alert.swift */,
			);
			path = Alert;
			sourceTree = "<group>";
		};
		D2240F172906BF5000796B6D /* Home */ = {
			isa = PBXGroup;
			children = (
				D2240F212906CBF800796B6D /* Model */,
				D2240F1E2906C7BF00796B6D /* Cell */,
				D2240F192906BF6400796B6D /* Controller */,
				D2240F182906BF5900796B6D /* View */,
			);
			path = Home;
			sourceTree = "<group>";
		};
		D2240F182906BF5900796B6D /* View */ = {
			isa = PBXGroup;
			children = (
				D2240F1C2906BF8C00796B6D /* HomeView.swift */,
			);
			path = View;
			sourceTree = "<group>";
		};
		D2240F192906BF6400796B6D /* Controller */ = {
			isa = PBXGroup;
			children = (
				D2240F1A2906BF7400796B6D /* HomeViewController.swift */,
			);
			path = Controller;
			sourceTree = "<group>";
		};
		D2240F1E2906C7BF00796B6D /* Cell */ = {
			isa = PBXGroup;
			children = (
				D2240F282906EECD00796B6D /* SportTableViewCell */,
				D2240F272906EE8600796B6D /* UserDetailTableViewCell */,
			);
			path = Cell;
			sourceTree = "<group>";
		};
		D2240F212906CBF800796B6D /* Model */ = {
			isa = PBXGroup;
			children = (
				D2240F222906CC0F00796B6D /* DataUser.swift */,
			);
			path = Model;
			sourceTree = "<group>";
		};
		D2240F242906D6B600796B6D /* CustomView */ = {
			isa = PBXGroup;
			children = (
				D2240F252906D6D800796B6D /* UserDetailView.swift */,
			);
			path = CustomView;
			sourceTree = "<group>";
		};
		D2240F272906EE8600796B6D /* UserDetailTableViewCell */ = {
			isa = PBXGroup;
			children = (
				D2240F242906D6B600796B6D /* CustomView */,
				D2240F1F2906C7FA00796B6D /* UserDetailTableViewCell.swift */,
			);
			path = UserDetailTableViewCell;
			sourceTree = "<group>";
		};
		D2240F282906EECD00796B6D /* SportTableViewCell */ = {
			isa = PBXGroup;
			children = (
				D2240F2E2906FFE500796B6D /* CollectionViewCell */,
				D2240F2B2906F01E00796B6D /* CustomView */,
				D2240F292906EEF400796B6D /* SportTableViewCell.swift */,
			);
			path = SportTableViewCell;
			sourceTree = "<group>";
		};
		D2240F2B2906F01E00796B6D /* CustomView */ = {
			isa = PBXGroup;
			children = (
				D2240F2C2906F04800796B6D /* SportView.swift */,
			);
			path = CustomView;
			sourceTree = "<group>";
		};
		D2240F2E2906FFE500796B6D /* CollectionViewCell */ = {
			isa = PBXGroup;
			children = (
				D2240F312907007A00796B6D /* CustomView */,
				D2240F2F2907003A00796B6D /* SportCollectionViewCell.swift */,
			);
			path = CollectionViewCell;
			sourceTree = "<group>";
		};
		D2240F312907007A00796B6D /* CustomView */ = {
			isa = PBXGroup;
			children = (
				D2240F33290700A200796B6D /* SportCollectionViewCellView.swift */,
			);
			path = CustomView;
			sourceTree = "<group>";
		};
		D24F7A4F2902B4A700DFC5D5 /* Register */ = {
			isa = PBXGroup;
			children = (
				D24F7A512902B4B900DFC5D5 /* Controller */,
				D24F7A502902B4B200DFC5D5 /* View */,
			);
			path = Register;
			sourceTree = "<group>";
		};
		D24F7A502902B4B200DFC5D5 /* View */ = {
			isa = PBXGroup;
			children = (
				D24F7A522902B4D900DFC5D5 /* RegisterView.swift */,
				D24F7A5B290320DA00DFC5D5 /* SnapRegisterView.swift */,
			);
			path = View;
			sourceTree = "<group>";
		};
		D24F7A512902B4B900DFC5D5 /* Controller */ = {
			isa = PBXGroup;
			children = (
				D24F7A542902B4ED00DFC5D5 /* RegisterViewController.swift */,
			);
			path = Controller;
			sourceTree = "<group>";
		};
		D2554DE02901ACD600ED01DB = {
			isa = PBXGroup;
			children = (
				D2554DEB2901ACD600ED01DB /* LoginScreenViewCode */,
				D2554DEA2901ACD600ED01DB /* Products */,
				AC5403AE4FB21DDB2071BE79 /* Pods */,
				0A57491E4DC4A99A3FDD9204 /* Frameworks */,
			);
			sourceTree = "<group>";
		};
		D2554DEA2901ACD600ED01DB /* Products */ = {
			isa = PBXGroup;
			children = (
				D2554DE92901ACD600ED01DB /* LoginScreenViewCode.app */,
			);
			name = Products;
			sourceTree = "<group>";
		};
		D2554DEB2901ACD600ED01DB /* LoginScreenViewCode */ = {
			isa = PBXGroup;
			children = (
				D2240F172906BF5000796B6D /* Home */,
				D2240F142906B78D00796B6D /* Alert */,
				D24F7A4F2902B4A700DFC5D5 /* Register */,
				D2554E002901B46900ED01DB /* Login */,
				D2554DEC2901ACD600ED01DB /* AppDelegate.swift */,
				D2554DEE2901ACD600ED01DB /* SceneDelegate.swift */,
				D2554DF52901ACD800ED01DB /* Assets.xcassets */,
				D2554DF72901ACD800ED01DB /* LaunchScreen.storyboard */,
				D2554DFA2901ACD800ED01DB /* Info.plist */,
				D24F7A5D2903303600DFC5D5 /* GoogleService-Info.plist */,
			);
			path = LoginScreenViewCode;
			sourceTree = "<group>";
		};
		D2554E002901B46900ED01DB /* Login */ = {
			isa = PBXGroup;
			children = (
				D2554E022901B48300ED01DB /* View */,
				D2554E012901B47400ED01DB /* Controller */,
			);
			path = Login;
			sourceTree = "<group>";
		};
		D2554E012901B47400ED01DB /* Controller */ = {
			isa = PBXGroup;
			children = (
				D2554DF02901ACD600ED01DB /* LoginViewController.swift */,
			);
			path = Controller;
			sourceTree = "<group>";
		};
		D2554E022901B48300ED01DB /* View */ = {
			isa = PBXGroup;
			children = (
				D24F7A572902FC8E00DFC5D5 /* LoginView.swift */,
				D24F7A592902FCC600DFC5D5 /* SnapLoginView.swift */,
			);
			path = View;
			sourceTree = "<group>";
		};
/* End PBXGroup section */

/* Begin PBXNativeTarget section */
		D2554DE82901ACD600ED01DB /* LoginScreenViewCode */ = {
			isa = PBXNativeTarget;
			buildConfigurationList = D2554DFD2901ACD800ED01DB /* Build configuration list for PBXNativeTarget "LoginScreenViewCode" */;
			buildPhases = (
				B95FCE159D3351BCD685DBDF /* [CP] Check Pods Manifest.lock */,
				D2554DE52901ACD600ED01DB /* Sources */,
				D2554DE62901ACD600ED01DB /* Frameworks */,
				D2554DE72901ACD600ED01DB /* Resources */,
				AE04DF262D889F39BCF8817C /* [CP] Embed Pods Frameworks */,
			);
			buildRules = (
			);
			dependencies = (
			);
			name = LoginScreenViewCode;
			productName = LoginScreenViewCode;
			productReference = D2554DE92901ACD600ED01DB /* LoginScreenViewCode.app */;
			productType = "com.apple.product-type.application";
		};
/* End PBXNativeTarget section */

/* Begin PBXProject section */
		D2554DE12901ACD600ED01DB /* Project object */ = {
			isa = PBXProject;
			attributes = {
				BuildIndependentTargetsInParallel = 1;
				LastSwiftUpdateCheck = 1400;
				LastUpgradeCheck = 1400;
				TargetAttributes = {
					D2554DE82901ACD600ED01DB = {
						CreatedOnToolsVersion = 14.0.1;
					};
				};
			};
			buildConfigurationList = D2554DE42901ACD600ED01DB /* Build configuration list for PBXProject "LoginScreenViewCode" */;
			compatibilityVersion = "Xcode 14.0";
			developmentRegion = en;
			hasScannedForEncodings = 0;
			knownRegions = (
				en,
				Base,
			);
			mainGroup = D2554DE02901ACD600ED01DB;
			productRefGroup = D2554DEA2901ACD600ED01DB /* Products */;
			projectDirPath = "";
			projectRoot = "";
			targets = (
				D2554DE82901ACD600ED01DB /* LoginScreenViewCode */,
			);
		};
/* End PBXProject section */

/* Begin PBXResourcesBuildPhase section */
		D2554DE72901ACD600ED01DB /* Resources */ = {
			isa = PBXResourcesBuildPhase;
			buildActionMask = 2147483647;
			files = (
				D2554DF92901ACD800ED01DB /* LaunchScreen.storyboard in Resources */,
				D2554DF62901ACD800ED01DB /* Assets.xcassets in Resources */,
				D24F7A5E2903303600DFC5D5 /* GoogleService-Info.plist in Resources */,
			);
			runOnlyForDeploymentPostprocessing = 0;
		};
/* End PBXResourcesBuildPhase section */

/* Begin PBXShellScriptBuildPhase section */
		AE04DF262D889F39BCF8817C /* [CP] Embed Pods Frameworks */ = {
			isa = PBXShellScriptBuildPhase;
			buildActionMask = 2147483647;
			files = (
			);
			inputFileListPaths = (
				"${PODS_ROOT}/Target Support Files/Pods-LoginScreenViewCode/Pods-LoginScreenViewCode-frameworks-${CONFIGURATION}-input-files.xcfilelist",
			);
			name = "[CP] Embed Pods Frameworks";
			outputFileListPaths = (
				"${PODS_ROOT}/Target Support Files/Pods-LoginScreenViewCode/Pods-LoginScreenViewCode-frameworks-${CONFIGURATION}-output-files.xcfilelist",
			);
			runOnlyForDeploymentPostprocessing = 0;
			shellPath = /bin/sh;
			shellScript = "\"${PODS_ROOT}/Target Support Files/Pods-LoginScreenViewCode/Pods-LoginScreenViewCode-frameworks.sh\"\n";
			showEnvVarsInLog = 0;
		};
		B95FCE159D3351BCD685DBDF /* [CP] Check Pods Manifest.lock */ = {
			isa = PBXShellScriptBuildPhase;
			buildActionMask = 2147483647;
			files = (
			);
			inputFileListPaths = (
			);
			inputPaths = (
				"${PODS_PODFILE_DIR_PATH}/Podfile.lock",
				"${PODS_ROOT}/Manifest.lock",
			);
			name = "[CP] Check Pods Manifest.lock";
			outputFileListPaths = (
			);
			outputPaths = (
				"$(DERIVED_FILE_DIR)/Pods-LoginScreenViewCode-checkManifestLockResult.txt",
			);
			runOnlyForDeploymentPostprocessing = 0;
			shellPath = /bin/sh;
			shellScript = "diff \"${PODS_PODFILE_DIR_PATH}/Podfile.lock\" \"${PODS_ROOT}/Manifest.lock\" > /dev/null\nif [ $? != 0 ] ; then\n    # print error to STDERR\n    echo \"error: The sandbox is not in sync with the Podfile.lock. Run 'pod install' or update your CocoaPods installation.\" >&2\n    exit 1\nfi\n# This output is used by Xcode 'outputs' to avoid re-running this script phase.\necho \"SUCCESS\" > \"${SCRIPT_OUTPUT_FILE_0}\"\n";
			showEnvVarsInLog = 0;
		};
/* End PBXShellScriptBuildPhase section */

/* Begin PBXSourcesBuildPhase section */
		D2554DE52901ACD600ED01DB /* Sources */ = {
			isa = PBXSourcesBuildPhase;
			buildActionMask = 2147483647;
			files = (
				D2240F162906B7A500796B6D /* Alert.swift in Sources */,
				D2240F202906C7FA00796B6D /* UserDetailTableViewCell.swift in Sources */,
				D24F7A532902B4D900DFC5D5 /* RegisterView.swift in Sources */,
				D24F7A582902FC8E00DFC5D5 /* LoginView.swift in Sources */,
				D2554DF12901ACD600ED01DB /* LoginViewController.swift in Sources */,
				D24F7A5C290320DA00DFC5D5 /* SnapRegisterView.swift in Sources */,
				D2240F1D2906BF8C00796B6D /* HomeView.swift in Sources */,
				D2240F1B2906BF7400796B6D /* HomeViewController.swift in Sources */,
				D24F7A552902B4ED00DFC5D5 /* RegisterViewController.swift in Sources */,
				D2240F2A2906EEF400796B6D /* SportTableViewCell.swift in Sources */,
				D2240F34290700A200796B6D /* SportCollectionViewCellView.swift in Sources */,
				D24F7A5A2902FCC600DFC5D5 /* SnapLoginView.swift in Sources */,
				D2240F232906CC0F00796B6D /* DataUser.swift in Sources */,
				D2554DED2901ACD600ED01DB /* AppDelegate.swift in Sources */,
				D2240F2D2906F04800796B6D /* SportView.swift in Sources */,
				D2240F262906D6D800796B6D /* UserDetailView.swift in Sources */,
				D2554DEF2901ACD600ED01DB /* SceneDelegate.swift in Sources */,
				D2240F302907003A00796B6D /* SportCollectionViewCell.swift in Sources */,
			);
			runOnlyForDeploymentPostprocessing = 0;
		};
/* End PBXSourcesBuildPhase section */

/* Begin PBXVariantGroup section */
		D2554DF72901ACD800ED01DB /* LaunchScreen.storyboard */ = {
			isa = PBXVariantGroup;
			children = (
				D2554DF82901ACD800ED01DB /* Base */,
			);
			name = LaunchScreen.storyboard;
			sourceTree = "<group>";
		};
/* End PBXVariantGroup section */

/* Begin XCBuildConfiguration section */
		D2554DFB2901ACD800ED01DB /* Debug */ = {
			isa = XCBuildConfiguration;
			buildSettings = {
				ALWAYS_SEARCH_USER_PATHS = NO;
				CLANG_ANALYZER_NONNULL = YES;
				CLANG_ANALYZER_NUMBER_OBJECT_CONVERSION = YES_AGGRESSIVE;
				CLANG_CXX_LANGUAGE_STANDARD = "gnu++20";
				CLANG_ENABLE_MODULES = YES;
				CLANG_ENABLE_OBJC_ARC = YES;
				CLANG_ENABLE_OBJC_WEAK = YES;
				CLANG_WARN_BLOCK_CAPTURE_AUTORELEASING = YES;
				CLANG_WARN_BOOL_CONVERSION = YES;
				CLANG_WARN_COMMA = YES;
				CLANG_WARN_CONSTANT_CONVERSION = YES;
				CLANG_WARN_DEPRECATED_OBJC_IMPLEMENTATIONS = YES;
				CLANG_WARN_DIRECT_OBJC_ISA_USAGE = YES_ERROR;
				CLANG_WARN_DOCUMENTATION_COMMENTS = YES;
				CLANG_WARN_EMPTY_BODY = YES;
				CLANG_WARN_ENUM_CONVERSION = YES;
				CLANG_WARN_INFINITE_RECURSION = YES;
				CLANG_WARN_INT_CONVERSION = YES;
				CLANG_WARN_NON_LITERAL_NULL_CONVERSION = YES;
				CLANG_WARN_OBJC_IMPLICIT_RETAIN_SELF = YES;
				CLANG_WARN_OBJC_LITERAL_CONVERSION = YES;
				CLANG_WARN_OBJC_ROOT_CLASS = YES_ERROR;
				CLANG_WARN_QUOTED_INCLUDE_IN_FRAMEWORK_HEADER = YES;
				CLANG_WARN_RANGE_LOOP_ANALYSIS = YES;
				CLANG_WARN_STRICT_PROTOTYPES = YES;
				CLANG_WARN_SUSPICIOUS_MOVE = YES;
				CLANG_WARN_UNGUARDED_AVAILABILITY = YES_AGGRESSIVE;
				CLANG_WARN_UNREACHABLE_CODE = YES;
				CLANG_WARN__DUPLICATE_METHOD_MATCH = YES;
				COPY_PHASE_STRIP = NO;
				DEBUG_INFORMATION_FORMAT = dwarf;
				ENABLE_STRICT_OBJC_MSGSEND = YES;
				ENABLE_TESTABILITY = YES;
				GCC_C_LANGUAGE_STANDARD = gnu11;
				GCC_DYNAMIC_NO_PIC = NO;
				GCC_NO_COMMON_BLOCKS = YES;
				GCC_OPTIMIZATION_LEVEL = 0;
				GCC_PREPROCESSOR_DEFINITIONS = (
					"DEBUG=1",
					"$(inherited)",
				);
				GCC_WARN_64_TO_32_BIT_CONVERSION = YES;
				GCC_WARN_ABOUT_RETURN_TYPE = YES_ERROR;
				GCC_WARN_UNDECLARED_SELECTOR = YES;
				GCC_WARN_UNINITIALIZED_AUTOS = YES_AGGRESSIVE;
				GCC_WARN_UNUSED_FUNCTION = YES;
				GCC_WARN_UNUSED_VARIABLE = YES;
				IPHONEOS_DEPLOYMENT_TARGET = 16.0;
				MTL_ENABLE_DEBUG_INFO = INCLUDE_SOURCE;
				MTL_FAST_MATH = YES;
				ONLY_ACTIVE_ARCH = YES;
				SDKROOT = iphoneos;
				SWIFT_ACTIVE_COMPILATION_CONDITIONS = DEBUG;
				SWIFT_OPTIMIZATION_LEVEL = "-Onone";
			};
			name = Debug;
		};
		D2554DFC2901ACD800ED01DB /* Release */ = {
			isa = XCBuildConfiguration;
			buildSettings = {
				ALWAYS_SEARCH_USER_PATHS = NO;
				CLANG_ANALYZER_NONNULL = YES;
				CLANG_ANALYZER_NUMBER_OBJECT_CONVERSION = YES_AGGRESSIVE;
				CLANG_CXX_LANGUAGE_STANDARD = "gnu++20";
				CLANG_ENABLE_MODULES = YES;
				CLANG_ENABLE_OBJC_ARC = YES;
				CLANG_ENABLE_OBJC_WEAK = YES;
				CLANG_WARN_BLOCK_CAPTURE_AUTORELEASING = YES;
				CLANG_WARN_BOOL_CONVERSION = YES;
				CLANG_WARN_COMMA = YES;
				CLANG_WARN_CONSTANT_CONVERSION = YES;
				CLANG_WARN_DEPRECATED_OBJC_IMPLEMENTATIONS = YES;
				CLANG_WARN_DIRECT_OBJC_ISA_USAGE = YES_ERROR;
				CLANG_WARN_DOCUMENTATION_COMMENTS = YES;
				CLANG_WARN_EMPTY_BODY = YES;
				CLANG_WARN_ENUM_CONVERSION = YES;
				CLANG_WARN_INFINITE_RECURSION = YES;
				CLANG_WARN_INT_CONVERSION = YES;
				CLANG_WARN_NON_LITERAL_NULL_CONVERSION = YES;
				CLANG_WARN_OBJC_IMPLICIT_RETAIN_SELF = YES;
				CLANG_WARN_OBJC_LITERAL_CONVERSION = YES;
				CLANG_WARN_OBJC_ROOT_CLASS = YES_ERROR;
				CLANG_WARN_QUOTED_INCLUDE_IN_FRAMEWORK_HEADER = YES;
				CLANG_WARN_RANGE_LOOP_ANALYSIS = YES;
				CLANG_WARN_STRICT_PROTOTYPES = YES;
				CLANG_WARN_SUSPICIOUS_MOVE = YES;
				CLANG_WARN_UNGUARDED_AVAILABILITY = YES_AGGRESSIVE;
				CLANG_WARN_UNREACHABLE_CODE = YES;
				CLANG_WARN__DUPLICATE_METHOD_MATCH = YES;
				COPY_PHASE_STRIP = NO;
				DEBUG_INFORMATION_FORMAT = "dwarf-with-dsym";
				ENABLE_NS_ASSERTIONS = NO;
				ENABLE_STRICT_OBJC_MSGSEND = YES;
				GCC_C_LANGUAGE_STANDARD = gnu11;
				GCC_NO_COMMON_BLOCKS = YES;
				GCC_WARN_64_TO_32_BIT_CONVERSION = YES;
				GCC_WARN_ABOUT_RETURN_TYPE = YES_ERROR;
				GCC_WARN_UNDECLARED_SELECTOR = YES;
				GCC_WARN_UNINITIALIZED_AUTOS = YES_AGGRESSIVE;
				GCC_WARN_UNUSED_FUNCTION = YES;
				GCC_WARN_UNUSED_VARIABLE = YES;
				IPHONEOS_DEPLOYMENT_TARGET = 16.0;
				MTL_ENABLE_DEBUG_INFO = NO;
				MTL_FAST_MATH = YES;
				SDKROOT = iphoneos;
				SWIFT_COMPILATION_MODE = wholemodule;
				SWIFT_OPTIMIZATION_LEVEL = "-O";
				VALIDATE_PRODUCT = YES;
			};
			name = Release;
		};
		D2554DFE2901ACD800ED01DB /* Debug */ = {
			isa = XCBuildConfiguration;
			baseConfigurationReference = 02FCEA6EC110B0C31FA77288 /* Pods-LoginScreenViewCode.debug.xcconfig */;
			buildSettings = {
				ASSETCATALOG_COMPILER_APPICON_NAME = AppIcon;
				ASSETCATALOG_COMPILER_GLOBAL_ACCENT_COLOR_NAME = AccentColor;
				CODE_SIGN_STYLE = Automatic;
				CURRENT_PROJECT_VERSION = 1;
				DEVELOPMENT_TEAM = 9WJN673TXT;
				GENERATE_INFOPLIST_FILE = YES;
				INFOPLIST_FILE = LoginScreenViewCode/Info.plist;
				INFOPLIST_KEY_UIApplicationSupportsIndirectInputEvents = YES;
				INFOPLIST_KEY_UILaunchStoryboardName = LaunchScreen;
				INFOPLIST_KEY_UISupportedInterfaceOrientations_iPad = "UIInterfaceOrientationPortrait UIInterfaceOrientationPortraitUpsideDown UIInterfaceOrientationLandscapeLeft UIInterfaceOrientationLandscapeRight";
				INFOPLIST_KEY_UISupportedInterfaceOrientations_iPhone = "UIInterfaceOrientationPortrait UIInterfaceOrientationLandscapeLeft UIInterfaceOrientationLandscapeRight";
				LD_RUNPATH_SEARCH_PATHS = (
					"$(inherited)",
					"@executable_path/Frameworks",
				);
				MARKETING_VERSION = 1.0;
				PRODUCT_BUNDLE_IDENTIFIER = com.ramon.LoginScreenViewCode;
				PRODUCT_NAME = "$(TARGET_NAME)";
				SWIFT_EMIT_LOC_STRINGS = YES;
				SWIFT_VERSION = 5.0;
				TARGETED_DEVICE_FAMILY = "1,2";
			};
			name = Debug;
		};
		D2554DFF2901ACD800ED01DB /* Release */ = {
			isa = XCBuildConfiguration;
			baseConfigurationReference = A9F82A7E65BE83B59648EBE3 /* Pods-LoginScreenViewCode.release.xcconfig */;
			buildSettings = {
				ASSETCATALOG_COMPILER_APPICON_NAME = AppIcon;
				ASSETCATALOG_COMPILER_GLOBAL_ACCENT_COLOR_NAME = AccentColor;
				CODE_SIGN_STYLE = Automatic;
				CURRENT_PROJECT_VERSION = 1;
				DEVELOPMENT_TEAM = 9WJN673TXT;
				GENERATE_INFOPLIST_FILE = YES;
				INFOPLIST_FILE = LoginScreenViewCode/Info.plist;
				INFOPLIST_KEY_UIApplicationSupportsIndirectInputEvents = YES;
				INFOPLIST_KEY_UILaunchStoryboardName = LaunchScreen;
				INFOPLIST_KEY_UISupportedInterfaceOrientations_iPad = "UIInterfaceOrientationPortrait UIInterfaceOrientationPortraitUpsideDown UIInterfaceOrientationLandscapeLeft UIInterfaceOrientationLandscapeRight";
				INFOPLIST_KEY_UISupportedInterfaceOrientations_iPhone = "UIInterfaceOrientationPortrait UIInterfaceOrientationLandscapeLeft UIInterfaceOrientationLandscapeRight";
				LD_RUNPATH_SEARCH_PATHS = (
					"$(inherited)",
					"@executable_path/Frameworks",
				);
				MARKETING_VERSION = 1.0;
				PRODUCT_BUNDLE_IDENTIFIER = com.ramon.LoginScreenViewCode;
				PRODUCT_NAME = "$(TARGET_NAME)";
				SWIFT_EMIT_LOC_STRINGS = YES;
				SWIFT_VERSION = 5.0;
				TARGETED_DEVICE_FAMILY = "1,2";
			};
			name = Release;
		};
/* End XCBuildConfiguration section */

/* Begin XCConfigurationList section */
		D2554DE42901ACD600ED01DB /* Build configuration list for PBXProject "LoginScreenViewCode" */ = {
			isa = XCConfigurationList;
			buildConfigurations = (
				D2554DFB2901ACD800ED01DB /* Debug */,
				D2554DFC2901ACD800ED01DB /* Release */,
			);
			defaultConfigurationIsVisible = 0;
			defaultConfigurationName = Release;
		};
		D2554DFD2901ACD800ED01DB /* Build configuration list for PBXNativeTarget "LoginScreenViewCode" */ = {
			isa = XCConfigurationList;
			buildConfigurations = (
				D2554DFE2901ACD800ED01DB /* Debug */,
				D2554DFF2901ACD800ED01DB /* Release */,
			);
			defaultConfigurationIsVisible = 0;
			defaultConfigurationName = Release;
		};
/* End XCConfigurationList section */
	};
	rootObject = D2554DE12901ACD600ED01DB /* Project object */;
}
